
Microsoft Visual Studio Solution File, Format Version 12.00
# Visual Studio Version 17
VisualStudioVersion = 17.1.32210.238
MinimumVisualStudioVersion = 10.0.40219.1
Project("{8BC9CEB8-8B4A-11D0-8D11-00A0C91BC942}") = "libfwevt", "libfwevt\libfwevt.vcxproj", "{C6DCD3D9-4397-466E-AC94-49A590DA0EC6}"
EndProject
Project("{8BC9CEB8-8B4A-11D0-8D11-00A0C91BC942}") = "libfcache", "libfcache\libfcache.vcxproj", "{4B4599D2-DBF5-4E0A-9669-94032C1320A9}"
EndProject
Project("{8BC9CEB8-8B4A-11D0-8D11-00A0C91BC942}") = "libexe", "libexe\libexe.vcxproj", "{D9D3120F-1242-4538-82CD-A99B1BC9A3DF}"
EndProject
Project("{8BC9CEB8-8B4A-11D0-8D11-00A0C91BC942}") = "libfguid", "libfguid\libfguid.vcxproj", "{9C232121-5F91-4559-A4F5-AAFAB5BDE0FC}"
EndProject
Project("{8BC9CEB8-8B4A-11D0-8D11-00A0C91BC942}") = "evtx_test_chunk", "evtx_test_chunk\evtx_test_chunk.vcxproj", "{D840C869-2266-4422-BD66-CAF20CED4832}"
EndProject
Project("{8BC9CEB8-8B4A-11D0-8D11-00A0C91BC942}") = "evtx_test_chunks_table", "evtx_test_chunks_table\evtx_test_chunks_table.vcxproj", "{2AE899E9-29D4-4921-9B34-470BD450ADDB}"
EndProject
Project("{8BC9CEB8-8B4A-11D0-8D11-00A0C91BC942}") = "evtx_test_error", "evtx_test_error\evtx_test_error.vcxproj", "{D5374706-39C2-43A0-BCEA-D4A5B3F7E452}"
EndProject
Project("{8BC9CEB8-8B4A-11D0-8D11-00A0C91BC942}") = "evtx_test_file", "evtx_test_file\evtx_test_file.vcxproj", "{EE2C5CA8-AD6D-43FD-94F5-5711BA1007EB}"
EndProject
Project("{8BC9CEB8-8B4A-11D0-8D11-00A0C91BC942}") = "evtx_test_io_handle", "evtx_test_io_handle\evtx_test_io_handle.vcxproj", "{6ECA82D7-4570-4B9E-AF48-D3C7312912C8}"
EndProject
Project("{8BC9CEB8-8B4A-11D0-8D11-00A0C91BC942}") = "evtx_test_notify", "evtx_test_notify\evtx_test_notify.vcxproj", "{817CFF30-C20D-4B97-B144-0957548613D4}"
EndProject
Project("{8BC9CEB8-8B4A-11D0-8D11-00A0C91BC942}") = "evtx_test_record", "evtx_test_record\evtx_test_record.vcxproj", "{51C5C6C4-684E-4B2E-A220-3F177CD5D139}"
EndProject
Project("{8BC9CEB8-8B4A-11D0-8D11-00A0C91BC942}") = "evtx_test_record_values", "evtx_test_record_values\evtx_test_record_values.vcxproj", "{A73C40E8-0224-41D6-8FB0-C46CC44215B0}"
EndProject
Project("{8BC9CEB8-8B4A-11D0-8D11-00A0C91BC942}") = "evtx_test_support", "evtx_test_support\evtx_test_support.vcxproj", "{98244676-8D2C-4900-A8CA-E7357EA78844}"
EndProject
Project("{8BC9CEB8-8B4A-11D0-8D11-00A0C91BC942}") = "evtx_test_template_definition", "evtx_test_template_definition\evtx_test_template_definition.vcxproj", "{F7453089-EA30-4F71-9C6E-630C02E37383}"
EndProject
Project("{8BC9CEB8-8B4A-11D0-8D11-00A0C91BC942}") = "evtx_test_tools_info_handle", "evtx_test_tools_info_handle\evtx_test_tools_info_handle.vcxproj", "{BE305497-DE84-4503-BCAF-80C8D5C3F730}"
EndProject
Project("{8BC9CEB8-8B4A-11D0-8D11-00A0C91BC942}") = "evtx_test_tools_message_handle", "evtx_test_tools_message_handle\evtx_test_tools_message_handle.vcxproj", "{073D74D4-5B99-49FE-863B-9DE654277681}"
EndProject
Project("{8BC9CEB8-8B4A-11D0-8D11-00A0C91BC942}") = "evtx_test_tools_message_string", "evtx_test_tools_message_string\evtx_test_tools_message_string.vcxproj", "{04AD9DCE-819D-44A3-8645-D9967D9CACFC}"
EndProject
Project("{8BC9CEB8-8B4A-11D0-8D11-00A0C91BC942}") = "evtx_test_tools_output", "evtx_test_tools_output\evtx_test_tools_output.vcxproj", "{1A14908D-59D7-4894-87AA-50712BA07F64}"
EndProject
Project("{8BC9CEB8-8B4A-11D0-8D11-00A0C91BC942}") = "evtx_test_tools_path_handle", "evtx_test_tools_path_handle\evtx_test_tools_path_handle.vcxproj", "{D02450B3-A0A7-4CFB-9828-F8532D853D9E}"
EndProject
Project("{8BC9CEB8-8B4A-11D0-8D11-00A0C91BC942}") = "evtx_test_tools_registry_file", "evtx_test_tools_registry_file\evtx_test_tools_registry_file.vcxproj", "{D390DD8D-C393-4CB0-B623-48FC41D092BB}"
EndProject
Project("{8BC9CEB8-8B4A-11D0-8D11-00A0C91BC942}") = "evtx_test_tools_resource_file", "evtx_test_tools_resource_file\evtx_test_tools_resource_file.vcxproj", "{10D3FA6F-88E6-409E-B210-44E8515F8BA1}"
EndProject
Project("{8BC9CEB8-8B4A-11D0-8D11-00A0C91BC942}") = "evtx_test_tools_signal", "evtx_test_tools_signal\evtx_test_tools_signal.vcxproj", "{3FBC46FE-518B-4351-87DF-22B3F8DF6A35}"
EndProject
Project("{8BC9CEB8-8B4A-11D0-8D11-00A0C91BC942}") = "libevtx", "libevtx\libevtx.vcxproj", "{91D35439-5C77-4084-B94A-45B055A97971}"
EndProject
Project("{8BC9CEB8-8B4A-11D0-8D11-00A0C91BC942}") = "libclocale", "libclocale\libclocale.vcxproj", "{754A36B3-E1DC-4975-89E4-EF0D82ACBC3B}"
EndProject
Project("{8BC9CEB8-8B4A-11D0-8D11-00A0C91BC942}") = "libbfio", "libbfio\libbfio.vcxproj", "{7A4327FF-CA12-4A1A-A7CF-5328BDAA9942}"
EndProject
Project("{8BC9CEB8-8B4A-11D0-8D11-00A0C91BC942}") = "libwrc", "libwrc\libwrc.vcxproj", "{B5E43F96-E790-4DBA-8891-4A14E7183D9A}"
EndProject
Project("{8BC9CEB8-8B4A-11D0-8D11-00A0C91BC942}") = "pyevtx", "pyevtx\pyevtx.vcxproj", "{2D239718-8401-4E75-88FD-E81DF267543A}"
EndProject
Project("{8BC9CEB8-8B4A-11D0-8D11-00A0C91BC942}") = "libfdatetime", "libfdatetime\libfdatetime.vcxproj", "{F6707C74-BCE0-40FC-9900-DDA579029FBA}"
EndProject
Project("{8BC9CEB8-8B4A-11D0-8D11-00A0C91BC942}") = "libcfile", "libcfile\libcfile.vcxproj", "{3AF383AB-F184-4190-84DF-453ACE4CA89D}"
EndProject
Project("{8BC9CEB8-8B4A-11D0-8D11-00A0C91BC942}") = "libfwnt", "libfwnt\libfwnt.vcxproj", "{1D7A10ED-2939-4C11-BAA0-D37C2A8CD6F7}"
EndProject
Project("{8BC9CEB8-8B4A-11D0-8D11-00A0C91BC942}") = "libcthreads", "libcthreads\libcthreads.vcxproj", "{48D8ABE8-71E3-4C29-A265-138C36783578}"
EndProject
Project("{8BC9CEB8-8B4A-11D0-8D11-00A0C91BC942}") = "evtxexport", "evtxexport\evtxexport.vcxproj", "{4C0A33FC-0B42-4735-B5C9-EA49F17A9478}"
EndProject
Project("{8BC9CEB8-8B4A-11D0-8D11-00A0C91BC942}") = "evtxinfo", "evtxinfo\evtxinfo.vcxproj", "{0D975F50-1FE8-498E-B597-9960DFC995AC}"
EndProject
Project("{8BC9CEB8-8B4A-11D0-8D11-00A0C91BC942}") = "libcpath", "libcpath\libcpath.vcxproj", "{6FB36D12-30F9-49F5-B4B6-2E58C4390438}"
EndProject
Project("{8BC9CEB8-8B4A-11D0-8D11-00A0C91BC942}") = "libregf", "libregf\libregf.vcxproj", "{7F42F80A-6FE8-4634-8455-5D08A1E24BAA}"
EndProject
Project("{8BC9CEB8-8B4A-11D0-8D11-00A0C91BC942}") = "libuna", "libuna\libuna.vcxproj", "{40BA88AF-9923-4FC6-8466-CB5833843AC4}"
EndProject
Project("{8BC9CEB8-8B4A-11D0-8D11-00A0C91BC942}") = "libfvalue", "libfvalue\libfvalue.vcxproj", "{35A5D4B4-775C-40E3-B364-19562437CD80}"
EndProject
Project("{8BC9CEB8-8B4A-11D0-8D11-00A0C91BC942}") = "libcerror", "libcerror\libcerror.vcxproj", "{5299814A-9BDD-4F91-ADF9-723068B3B642}"
EndProject
Project("{8BC9CEB8-8B4A-11D0-8D11-00A0C91BC942}") = "libcnotify", "libcnotify\libcnotify.vcxproj", "{E31E45A2-E02E-49E7-843B-F390127F1184}"
EndProject
Project("{8BC9CEB8-8B4A-11D0-8D11-00A0C91BC942}") = "libcdirectory", "libcdirectory\libcdirectory.vcxproj", "{62C67404-7985-4120-85BA-3C0424784434}"
EndProject
Project("{8BC9CEB8-8B4A-11D0-8D11-00A0C91BC942}") = "libfdata", "libfdata\libfdata.vcxproj", "{AABC80BB-79B3-49BA-8A90-9AAC2A3B404F}"
EndProject
Project("{8BC9CEB8-8B4A-11D0-8D11-00A0C91BC942}") = "libcdata", "libcdata\libcdata.vcxproj", "{55652C23-9FE0-4E5B-930C-C3675C980351}"
EndProject
Project("{8BC9CEB8-8B4A-11D0-8D11-00A0C91BC942}") = "libcsplit", "libcsplit\libcsplit.vcxproj", "{A352758D-DD49-406B-81F3-FC8494D52B88}"
EndProject
Global
	GlobalSection(SolutionConfigurationPlatforms) = preSolution
		Release|Win32 = Release|Win32
		Release|x64 = Release|x64
		VSDebug|Win32 = VSDebug|Win32
		VSDebug|x64 = VSDebug|x64
	EndGlobalSection
	GlobalSection(ProjectConfigurationPlatforms) = postSolution
		{C6DCD3D9-4397-466E-AC94-49A590DA0EC6}.Release|Win32.ActiveCfg = Release|Win32
		{C6DCD3D9-4397-466E-AC94-49A590DA0EC6}.Release|Win32.Build.0 = Release|Win32
		{C6DCD3D9-4397-466E-AC94-49A590DA0EC6}.Release|x64.ActiveCfg = Release|x64
		{C6DCD3D9-4397-466E-AC94-49A590DA0EC6}.Release|x64.Build.0 = Release|x64
		{C6DCD3D9-4397-466E-AC94-49A590DA0EC6}.VSDebug|Win32.ActiveCfg = VSDebug|Win32
		{C6DCD3D9-4397-466E-AC94-49A590DA0EC6}.VSDebug|Win32.Build.0 = VSDebug|Win32
		{C6DCD3D9-4397-466E-AC94-49A590DA0EC6}.VSDebug|x64.ActiveCfg = VSDebug|x64
		{C6DCD3D9-4397-466E-AC94-49A590DA0EC6}.VSDebug|x64.Build.0 = VSDebug|x64
		{4B4599D2-DBF5-4E0A-9669-94032C1320A9}.Release|Win32.ActiveCfg = Release|Win32
		{4B4599D2-DBF5-4E0A-9669-94032C1320A9}.Release|Win32.Build.0 = Release|Win32
		{4B4599D2-DBF5-4E0A-9669-94032C1320A9}.Release|x64.ActiveCfg = Release|x64
		{4B4599D2-DBF5-4E0A-9669-94032C1320A9}.Release|x64.Build.0 = Release|x64
		{4B4599D2-DBF5-4E0A-9669-94032C1320A9}.VSDebug|Win32.ActiveCfg = VSDebug|Win32
		{4B4599D2-DBF5-4E0A-9669-94032C1320A9}.VSDebug|Win32.Build.0 = VSDebug|Win32
		{4B4599D2-DBF5-4E0A-9669-94032C1320A9}.VSDebug|x64.ActiveCfg = VSDebug|x64
		{4B4599D2-DBF5-4E0A-9669-94032C1320A9}.VSDebug|x64.Build.0 = VSDebug|x64
		{D9D3120F-1242-4538-82CD-A99B1BC9A3DF}.Release|Win32.ActiveCfg = Release|Win32
		{D9D3120F-1242-4538-82CD-A99B1BC9A3DF}.Release|Win32.Build.0 = Release|Win32
		{D9D3120F-1242-4538-82CD-A99B1BC9A3DF}.Release|x64.ActiveCfg = Release|x64
		{D9D3120F-1242-4538-82CD-A99B1BC9A3DF}.Release|x64.Build.0 = Release|x64
		{D9D3120F-1242-4538-82CD-A99B1BC9A3DF}.VSDebug|Win32.ActiveCfg = VSDebug|Win32
		{D9D3120F-1242-4538-82CD-A99B1BC9A3DF}.VSDebug|Win32.Build.0 = VSDebug|Win32
		{D9D3120F-1242-4538-82CD-A99B1BC9A3DF}.VSDebug|x64.ActiveCfg = VSDebug|x64
		{D9D3120F-1242-4538-82CD-A99B1BC9A3DF}.VSDebug|x64.Build.0 = VSDebug|x64
		{9C232121-5F91-4559-A4F5-AAFAB5BDE0FC}.Release|Win32.ActiveCfg = Release|Win32
		{9C232121-5F91-4559-A4F5-AAFAB5BDE0FC}.Release|Win32.Build.0 = Release|Win32
		{9C232121-5F91-4559-A4F5-AAFAB5BDE0FC}.Release|x64.ActiveCfg = Release|x64
		{9C232121-5F91-4559-A4F5-AAFAB5BDE0FC}.Release|x64.Build.0 = Release|x64
		{9C232121-5F91-4559-A4F5-AAFAB5BDE0FC}.VSDebug|Win32.ActiveCfg = VSDebug|Win32
		{9C232121-5F91-4559-A4F5-AAFAB5BDE0FC}.VSDebug|Win32.Build.0 = VSDebug|Win32
		{9C232121-5F91-4559-A4F5-AAFAB5BDE0FC}.VSDebug|x64.ActiveCfg = VSDebug|x64
		{9C232121-5F91-4559-A4F5-AAFAB5BDE0FC}.VSDebug|x64.Build.0 = VSDebug|x64
		{D840C869-2266-4422-BD66-CAF20CED4832}.Release|Win32.ActiveCfg = Release|Win32
		{D840C869-2266-4422-BD66-CAF20CED4832}.Release|Win32.Build.0 = Release|Win32
		{D840C869-2266-4422-BD66-CAF20CED4832}.Release|x64.ActiveCfg = Release|x64
		{D840C869-2266-4422-BD66-CAF20CED4832}.Release|x64.Build.0 = Release|x64
		{D840C869-2266-4422-BD66-CAF20CED4832}.VSDebug|Win32.ActiveCfg = VSDebug|Win32
		{D840C869-2266-4422-BD66-CAF20CED4832}.VSDebug|Win32.Build.0 = VSDebug|Win32
		{D840C869-2266-4422-BD66-CAF20CED4832}.VSDebug|x64.ActiveCfg = VSDebug|x64
		{D840C869-2266-4422-BD66-CAF20CED4832}.VSDebug|x64.Build.0 = VSDebug|x64
		{2AE899E9-29D4-4921-9B34-470BD450ADDB}.Release|Win32.ActiveCfg = Release|Win32
		{2AE899E9-29D4-4921-9B34-470BD450ADDB}.Release|Win32.Build.0 = Release|Win32
		{2AE899E9-29D4-4921-9B34-470BD450ADDB}.Release|x64.ActiveCfg = Release|x64
		{2AE899E9-29D4-4921-9B34-470BD450ADDB}.Release|x64.Build.0 = Release|x64
		{2AE899E9-29D4-4921-9B34-470BD450ADDB}.VSDebug|Win32.ActiveCfg = VSDebug|Win32
		{2AE899E9-29D4-4921-9B34-470BD450ADDB}.VSDebug|Win32.Build.0 = VSDebug|Win32
		{2AE899E9-29D4-4921-9B34-470BD450ADDB}.VSDebug|x64.ActiveCfg = VSDebug|x64
		{2AE899E9-29D4-4921-9B34-470BD450ADDB}.VSDebug|x64.Build.0 = VSDebug|x64
		{D5374706-39C2-43A0-BCEA-D4A5B3F7E452}.Release|Win32.ActiveCfg = Release|Win32
		{D5374706-39C2-43A0-BCEA-D4A5B3F7E452}.Release|Win32.Build.0 = Release|Win32
		{D5374706-39C2-43A0-BCEA-D4A5B3F7E452}.Release|x64.ActiveCfg = Release|x64
		{D5374706-39C2-43A0-BCEA-D4A5B3F7E452}.Release|x64.Build.0 = Release|x64
		{D5374706-39C2-43A0-BCEA-D4A5B3F7E452}.VSDebug|Win32.ActiveCfg = VSDebug|Win32
		{D5374706-39C2-43A0-BCEA-D4A5B3F7E452}.VSDebug|Win32.Build.0 = VSDebug|Win32
		{D5374706-39C2-43A0-BCEA-D4A5B3F7E452}.VSDebug|x64.ActiveCfg = VSDebug|x64
		{D5374706-39C2-43A0-BCEA-D4A5B3F7E452}.VSDebug|x64.Build.0 = VSDebug|x64
		{EE2C5CA8-AD6D-43FD-94F5-5711BA1007EB}.Release|Win32.ActiveCfg = Release|Win32
		{EE2C5CA8-AD6D-43FD-94F5-5711BA1007EB}.Release|Win32.Build.0 = Release|Win32
		{EE2C5CA8-AD6D-43FD-94F5-5711BA1007EB}.Release|x64.ActiveCfg = Release|x64
		{EE2C5CA8-AD6D-43FD-94F5-5711BA1007EB}.Release|x64.Build.0 = Release|x64
		{EE2C5CA8-AD6D-43FD-94F5-5711BA1007EB}.VSDebug|Win32.ActiveCfg = VSDebug|Win32
		{EE2C5CA8-AD6D-43FD-94F5-5711BA1007EB}.VSDebug|Win32.Build.0 = VSDebug|Win32
		{EE2C5CA8-AD6D-43FD-94F5-5711BA1007EB}.VSDebug|x64.ActiveCfg = VSDebug|x64
		{EE2C5CA8-AD6D-43FD-94F5-5711BA1007EB}.VSDebug|x64.Build.0 = VSDebug|x64
		{6ECA82D7-4570-4B9E-AF48-D3C7312912C8}.Release|Win32.ActiveCfg = Release|Win32
		{6ECA82D7-4570-4B9E-AF48-D3C7312912C8}.Release|Win32.Build.0 = Release|Win32
		{6ECA82D7-4570-4B9E-AF48-D3C7312912C8}.Release|x64.ActiveCfg = Release|x64
		{6ECA82D7-4570-4B9E-AF48-D3C7312912C8}.Release|x64.Build.0 = Release|x64
		{6ECA82D7-4570-4B9E-AF48-D3C7312912C8}.VSDebug|Win32.ActiveCfg = VSDebug|Win32
		{6ECA82D7-4570-4B9E-AF48-D3C7312912C8}.VSDebug|Win32.Build.0 = VSDebug|Win32
		{6ECA82D7-4570-4B9E-AF48-D3C7312912C8}.VSDebug|x64.ActiveCfg = VSDebug|x64
		{6ECA82D7-4570-4B9E-AF48-D3C7312912C8}.VSDebug|x64.Build.0 = VSDebug|x64
		{817CFF30-C20D-4B97-B144-0957548613D4}.Release|Win32.ActiveCfg = Release|Win32
		{817CFF30-C20D-4B97-B144-0957548613D4}.Release|Win32.Build.0 = Release|Win32
		{817CFF30-C20D-4B97-B144-0957548613D4}.Release|x64.ActiveCfg = Release|x64
		{817CFF30-C20D-4B97-B144-0957548613D4}.Release|x64.Build.0 = Release|x64
		{817CFF30-C20D-4B97-B144-0957548613D4}.VSDebug|Win32.ActiveCfg = VSDebug|Win32
		{817CFF30-C20D-4B97-B144-0957548613D4}.VSDebug|Win32.Build.0 = VSDebug|Win32
		{817CFF30-C20D-4B97-B144-0957548613D4}.VSDebug|x64.ActiveCfg = VSDebug|x64
		{817CFF30-C20D-4B97-B144-0957548613D4}.VSDebug|x64.Build.0 = VSDebug|x64
		{51C5C6C4-684E-4B2E-A220-3F177CD5D139}.Release|Win32.ActiveCfg = Release|Win32
		{51C5C6C4-684E-4B2E-A220-3F177CD5D139}.Release|Win32.Build.0 = Release|Win32
		{51C5C6C4-684E-4B2E-A220-3F177CD5D139}.Release|x64.ActiveCfg = Release|x64
		{51C5C6C4-684E-4B2E-A220-3F177CD5D139}.Release|x64.Build.0 = Release|x64
		{51C5C6C4-684E-4B2E-A220-3F177CD5D139}.VSDebug|Win32.ActiveCfg = VSDebug|Win32
		{51C5C6C4-684E-4B2E-A220-3F177CD5D139}.VSDebug|Win32.Build.0 = VSDebug|Win32
		{51C5C6C4-684E-4B2E-A220-3F177CD5D139}.VSDebug|x64.ActiveCfg = VSDebug|x64
		{51C5C6C4-684E-4B2E-A220-3F177CD5D139}.VSDebug|x64.Build.0 = VSDebug|x64
		{A73C40E8-0224-41D6-8FB0-C46CC44215B0}.Release|Win32.ActiveCfg = Release|Win32
		{A73C40E8-0224-41D6-8FB0-C46CC44215B0}.Release|Win32.Build.0 = Release|Win32
		{A73C40E8-0224-41D6-8FB0-C46CC44215B0}.Release|x64.ActiveCfg = Release|x64
		{A73C40E8-0224-41D6-8FB0-C46CC44215B0}.Release|x64.Build.0 = Release|x64
		{A73C40E8-0224-41D6-8FB0-C46CC44215B0}.VSDebug|Win32.ActiveCfg = VSDebug|Win32
		{A73C40E8-0224-41D6-8FB0-C46CC44215B0}.VSDebug|Win32.Build.0 = VSDebug|Win32
		{A73C40E8-0224-41D6-8FB0-C46CC44215B0}.VSDebug|x64.ActiveCfg = VSDebug|x64
		{A73C40E8-0224-41D6-8FB0-C46CC44215B0}.VSDebug|x64.Build.0 = VSDebug|x64
		{98244676-8D2C-4900-A8CA-E7357EA78844}.Release|Win32.ActiveCfg = Release|Win32
		{98244676-8D2C-4900-A8CA-E7357EA78844}.Release|Win32.Build.0 = Release|Win32
		{98244676-8D2C-4900-A8CA-E7357EA78844}.Release|x64.ActiveCfg = Release|x64
		{98244676-8D2C-4900-A8CA-E7357EA78844}.Release|x64.Build.0 = Release|x64
		{98244676-8D2C-4900-A8CA-E7357EA78844}.VSDebug|Win32.ActiveCfg = VSDebug|Win32
		{98244676-8D2C-4900-A8CA-E7357EA78844}.VSDebug|Win32.Build.0 = VSDebug|Win32
		{98244676-8D2C-4900-A8CA-E7357EA78844}.VSDebug|x64.ActiveCfg = VSDebug|x64
		{98244676-8D2C-4900-A8CA-E7357EA78844}.VSDebug|x64.Build.0 = VSDebug|x64
		{F7453089-EA30-4F71-9C6E-630C02E37383}.Release|Win32.ActiveCfg = Release|Win32
		{F7453089-EA30-4F71-9C6E-630C02E37383}.Release|Win32.Build.0 = Release|Win32
		{F7453089-EA30-4F71-9C6E-630C02E37383}.Release|x64.ActiveCfg = Release|x64
		{F7453089-EA30-4F71-9C6E-630C02E37383}.Release|x64.Build.0 = Release|x64
		{F7453089-EA30-4F71-9C6E-630C02E37383}.VSDebug|Win32.ActiveCfg = VSDebug|Win32
		{F7453089-EA30-4F71-9C6E-630C02E37383}.VSDebug|Win32.Build.0 = VSDebug|Win32
		{F7453089-EA30-4F71-9C6E-630C02E37383}.VSDebug|x64.ActiveCfg = VSDebug|x64
		{F7453089-EA30-4F71-9C6E-630C02E37383}.VSDebug|x64.Build.0 = VSDebug|x64
		{BE305497-DE84-4503-BCAF-80C8D5C3F730}.Release|Win32.ActiveCfg = Release|Win32
		{BE305497-DE84-4503-BCAF-80C8D5C3F730}.Release|Win32.Build.0 = Release|Win32
		{BE305497-DE84-4503-BCAF-80C8D5C3F730}.Release|x64.ActiveCfg = Release|x64
		{BE305497-DE84-4503-BCAF-80C8D5C3F730}.Release|x64.Build.0 = Release|x64
		{BE305497-DE84-4503-BCAF-80C8D5C3F730}.VSDebug|Win32.ActiveCfg = VSDebug|Win32
		{BE305497-DE84-4503-BCAF-80C8D5C3F730}.VSDebug|Win32.Build.0 = VSDebug|Win32
		{BE305497-DE84-4503-BCAF-80C8D5C3F730}.VSDebug|x64.ActiveCfg = VSDebug|x64
		{BE305497-DE84-4503-BCAF-80C8D5C3F730}.VSDebug|x64.Build.0 = VSDebug|x64
		{073D74D4-5B99-49FE-863B-9DE654277681}.Release|Win32.ActiveCfg = Release|Win32
		{073D74D4-5B99-49FE-863B-9DE654277681}.Release|Win32.Build.0 = Release|Win32
		{073D74D4-5B99-49FE-863B-9DE654277681}.Release|x64.ActiveCfg = Release|x64
		{073D74D4-5B99-49FE-863B-9DE654277681}.Release|x64.Build.0 = Release|x64
		{073D74D4-5B99-49FE-863B-9DE654277681}.VSDebug|Win32.ActiveCfg = VSDebug|Win32
		{073D74D4-5B99-49FE-863B-9DE654277681}.VSDebug|Win32.Build.0 = VSDebug|Win32
		{073D74D4-5B99-49FE-863B-9DE654277681}.VSDebug|x64.ActiveCfg = VSDebug|x64
		{073D74D4-5B99-49FE-863B-9DE654277681}.VSDebug|x64.Build.0 = VSDebug|x64
		{04AD9DCE-819D-44A3-8645-D9967D9CACFC}.Release|Win32.ActiveCfg = Release|Win32
		{04AD9DCE-819D-44A3-8645-D9967D9CACFC}.Release|Win32.Build.0 = Release|Win32
		{04AD9DCE-819D-44A3-8645-D9967D9CACFC}.Release|x64.ActiveCfg = Release|x64
		{04AD9DCE-819D-44A3-8645-D9967D9CACFC}.Release|x64.Build.0 = Release|x64
		{04AD9DCE-819D-44A3-8645-D9967D9CACFC}.VSDebug|Win32.ActiveCfg = VSDebug|Win32
		{04AD9DCE-819D-44A3-8645-D9967D9CACFC}.VSDebug|Win32.Build.0 = VSDebug|Win32
		{04AD9DCE-819D-44A3-8645-D9967D9CACFC}.VSDebug|x64.ActiveCfg = VSDebug|x64
		{04AD9DCE-819D-44A3-8645-D9967D9CACFC}.VSDebug|x64.Build.0 = VSDebug|x64
		{1A14908D-59D7-4894-87AA-50712BA07F64}.Release|Win32.ActiveCfg = Release|Win32
		{1A14908D-59D7-4894-87AA-50712BA07F64}.Release|Win32.Build.0 = Release|Win32
		{1A14908D-59D7-4894-87AA-50712BA07F64}.Release|x64.ActiveCfg = Release|x64
		{1A14908D-59D7-4894-87AA-50712BA07F64}.Release|x64.Build.0 = Release|x64
		{1A14908D-59D7-4894-87AA-50712BA07F64}.VSDebug|Win32.ActiveCfg = VSDebug|Win32
		{1A14908D-59D7-4894-87AA-50712BA07F64}.VSDebug|Win32.Build.0 = VSDebug|Win32
		{1A14908D-59D7-4894-87AA-50712BA07F64}.VSDebug|x64.ActiveCfg = VSDebug|x64
		{1A14908D-59D7-4894-87AA-50712BA07F64}.VSDebug|x64.Build.0 = VSDebug|x64
		{D02450B3-A0A7-4CFB-9828-F8532D853D9E}.Release|Win32.ActiveCfg = Release|Win32
		{D02450B3-A0A7-4CFB-9828-F8532D853D9E}.Release|Win32.Build.0 = Release|Win32
		{D02450B3-A0A7-4CFB-9828-F8532D853D9E}.Release|x64.ActiveCfg = Release|x64
		{D02450B3-A0A7-4CFB-9828-F8532D853D9E}.Release|x64.Build.0 = Release|x64
		{D02450B3-A0A7-4CFB-9828-F8532D853D9E}.VSDebug|Win32.ActiveCfg = VSDebug|Win32
		{D02450B3-A0A7-4CFB-9828-F8532D853D9E}.VSDebug|Win32.Build.0 = VSDebug|Win32
		{D02450B3-A0A7-4CFB-9828-F8532D853D9E}.VSDebug|x64.ActiveCfg = VSDebug|x64
		{D02450B3-A0A7-4CFB-9828-F8532D853D9E}.VSDebug|x64.Build.0 = VSDebug|x64
		{D390DD8D-C393-4CB0-B623-48FC41D092BB}.Release|Win32.ActiveCfg = Release|Win32
		{D390DD8D-C393-4CB0-B623-48FC41D092BB}.Release|Win32.Build.0 = Release|Win32
		{D390DD8D-C393-4CB0-B623-48FC41D092BB}.Release|x64.ActiveCfg = Release|x64
		{D390DD8D-C393-4CB0-B623-48FC41D092BB}.Release|x64.Build.0 = Release|x64
		{D390DD8D-C393-4CB0-B623-48FC41D092BB}.VSDebug|Win32.ActiveCfg = VSDebug|Win32
		{D390DD8D-C393-4CB0-B623-48FC41D092BB}.VSDebug|Win32.Build.0 = VSDebug|Win32
		{D390DD8D-C393-4CB0-B623-48FC41D092BB}.VSDebug|x64.ActiveCfg = VSDebug|x64
		{D390DD8D-C393-4CB0-B623-48FC41D092BB}.VSDebug|x64.Build.0 = VSDebug|x64
		{10D3FA6F-88E6-409E-B210-44E8515F8BA1}.Release|Win32.ActiveCfg = Release|Win32
		{10D3FA6F-88E6-409E-B210-44E8515F8BA1}.Release|Win32.Build.0 = Release|Win32
		{10D3FA6F-88E6-409E-B210-44E8515F8BA1}.Release|x64.ActiveCfg = Release|x64
		{10D3FA6F-88E6-409E-B210-44E8515F8BA1}.Release|x64.Build.0 = Release|x64
		{10D3FA6F-88E6-409E-B210-44E8515F8BA1}.VSDebug|Win32.ActiveCfg = VSDebug|Win32
		{10D3FA6F-88E6-409E-B210-44E8515F8BA1}.VSDebug|Win32.Build.0 = VSDebug|Win32
		{10D3FA6F-88E6-409E-B210-44E8515F8BA1}.VSDebug|x64.ActiveCfg = VSDebug|x64
		{10D3FA6F-88E6-409E-B210-44E8515F8BA1}.VSDebug|x64.Build.0 = VSDebug|x64
		{3FBC46FE-518B-4351-87DF-22B3F8DF6A35}.Release|Win32.ActiveCfg = Release|Win32
		{3FBC46FE-518B-4351-87DF-22B3F8DF6A35}.Release|Win32.Build.0 = Release|Win32
		{3FBC46FE-518B-4351-87DF-22B3F8DF6A35}.Release|x64.ActiveCfg = Release|x64
		{3FBC46FE-518B-4351-87DF-22B3F8DF6A35}.Release|x64.Build.0 = Release|x64
		{3FBC46FE-518B-4351-87DF-22B3F8DF6A35}.VSDebug|Win32.ActiveCfg = VSDebug|Win32
		{3FBC46FE-518B-4351-87DF-22B3F8DF6A35}.VSDebug|Win32.Build.0 = VSDebug|Win32
		{3FBC46FE-518B-4351-87DF-22B3F8DF6A35}.VSDebug|x64.ActiveCfg = VSDebug|x64
		{3FBC46FE-518B-4351-87DF-22B3F8DF6A35}.VSDebug|x64.Build.0 = VSDebug|x64
		{91D35439-5C77-4084-B94A-45B055A97971}.Release|Win32.ActiveCfg = Release|Win32
		{91D35439-5C77-4084-B94A-45B055A97971}.Release|Win32.Build.0 = Release|Win32
		{91D35439-5C77-4084-B94A-45B055A97971}.Release|x64.ActiveCfg = Release|x64
		{91D35439-5C77-4084-B94A-45B055A97971}.Release|x64.Build.0 = Release|x64
		{91D35439-5C77-4084-B94A-45B055A97971}.VSDebug|Win32.ActiveCfg = VSDebug|Win32
		{91D35439-5C77-4084-B94A-45B055A97971}.VSDebug|Win32.Build.0 = VSDebug|Win32
		{91D35439-5C77-4084-B94A-45B055A97971}.VSDebug|x64.ActiveCfg = VSDebug|x64
		{91D35439-5C77-4084-B94A-45B055A97971}.VSDebug|x64.Build.0 = VSDebug|x64
		{754A36B3-E1DC-4975-89E4-EF0D82ACBC3B}.Release|Win32.ActiveCfg = Release|Win32
		{754A36B3-E1DC-4975-89E4-EF0D82ACBC3B}.Release|Win32.Build.0 = Release|Win32
		{754A36B3-E1DC-4975-89E4-EF0D82ACBC3B}.Release|x64.ActiveCfg = Release|x64
		{754A36B3-E1DC-4975-89E4-EF0D82ACBC3B}.Release|x64.Build.0 = Release|x64
		{754A36B3-E1DC-4975-89E4-EF0D82ACBC3B}.VSDebug|Win32.ActiveCfg = VSDebug|Win32
		{754A36B3-E1DC-4975-89E4-EF0D82ACBC3B}.VSDebug|Win32.Build.0 = VSDebug|Win32
		{754A36B3-E1DC-4975-89E4-EF0D82ACBC3B}.VSDebug|x64.ActiveCfg = VSDebug|x64
		{754A36B3-E1DC-4975-89E4-EF0D82ACBC3B}.VSDebug|x64.Build.0 = VSDebug|x64
		{7A4327FF-CA12-4A1A-A7CF-5328BDAA9942}.Release|Win32.ActiveCfg = Release|Win32
		{7A4327FF-CA12-4A1A-A7CF-5328BDAA9942}.Release|Win32.Build.0 = Release|Win32
		{7A4327FF-CA12-4A1A-A7CF-5328BDAA9942}.Release|x64.ActiveCfg = Release|x64
		{7A4327FF-CA12-4A1A-A7CF-5328BDAA9942}.Release|x64.Build.0 = Release|x64
		{7A4327FF-CA12-4A1A-A7CF-5328BDAA9942}.VSDebug|Win32.ActiveCfg = VSDebug|Win32
		{7A4327FF-CA12-4A1A-A7CF-5328BDAA9942}.VSDebug|Win32.Build.0 = VSDebug|Win32
		{7A4327FF-CA12-4A1A-A7CF-5328BDAA9942}.VSDebug|x64.ActiveCfg = VSDebug|x64
		{7A4327FF-CA12-4A1A-A7CF-5328BDAA9942}.VSDebug|x64.Build.0 = VSDebug|x64
		{B5E43F96-E790-4DBA-8891-4A14E7183D9A}.Release|Win32.ActiveCfg = Release|Win32
		{B5E43F96-E790-4DBA-8891-4A14E7183D9A}.Release|Win32.Build.0 = Release|Win32
		{B5E43F96-E790-4DBA-8891-4A14E7183D9A}.Release|x64.ActiveCfg = Release|x64
		{B5E43F96-E790-4DBA-8891-4A14E7183D9A}.Release|x64.Build.0 = Release|x64
		{B5E43F96-E790-4DBA-8891-4A14E7183D9A}.VSDebug|Win32.ActiveCfg = VSDebug|Win32
		{B5E43F96-E790-4DBA-8891-4A14E7183D9A}.VSDebug|Win32.Build.0 = VSDebug|Win32
		{B5E43F96-E790-4DBA-8891-4A14E7183D9A}.VSDebug|x64.ActiveCfg = VSDebug|x64
		{B5E43F96-E790-4DBA-8891-4A14E7183D9A}.VSDebug|x64.Build.0 = VSDebug|x64
		{2D239718-8401-4E75-88FD-E81DF267543A}.Release|Win32.ActiveCfg = Release|Win32
		{2D239718-8401-4E75-88FD-E81DF267543A}.Release|Win32.Build.0 = Release|Win32
		{2D239718-8401-4E75-88FD-E81DF267543A}.Release|x64.ActiveCfg = Release|x64
		{2D239718-8401-4E75-88FD-E81DF267543A}.Release|x64.Build.0 = Release|x64
		{2D239718-8401-4E75-88FD-E81DF267543A}.VSDebug|Win32.ActiveCfg = VSDebug|Win32
		{2D239718-8401-4E75-88FD-E81DF267543A}.VSDebug|Win32.Build.0 = VSDebug|Win32
		{2D239718-8401-4E75-88FD-E81DF267543A}.VSDebug|x64.ActiveCfg = VSDebug|x64
		{2D239718-8401-4E75-88FD-E81DF267543A}.VSDebug|x64.Build.0 = VSDebug|x64
		{F6707C74-BCE0-40FC-9900-DDA579029FBA}.Release|Win32.ActiveCfg = Release|Win32
		{F6707C74-BCE0-40FC-9900-DDA579029FBA}.Release|Win32.Build.0 = Release|Win32
		{F6707C74-BCE0-40FC-9900-DDA579029FBA}.Release|x64.ActiveCfg = Release|x64
		{F6707C74-BCE0-40FC-9900-DDA579029FBA}.Release|x64.Build.0 = Release|x64
		{F6707C74-BCE0-40FC-9900-DDA579029FBA}.VSDebug|Win32.ActiveCfg = VSDebug|Win32
		{F6707C74-BCE0-40FC-9900-DDA579029FBA}.VSDebug|Win32.Build.0 = VSDebug|Win32
		{F6707C74-BCE0-40FC-9900-DDA579029FBA}.VSDebug|x64.ActiveCfg = VSDebug|x64
		{F6707C74-BCE0-40FC-9900-DDA579029FBA}.VSDebug|x64.Build.0 = VSDebug|x64
		{3AF383AB-F184-4190-84DF-453ACE4CA89D}.Release|Win32.ActiveCfg = Release|Win32
		{3AF383AB-F184-4190-84DF-453ACE4CA89D}.Release|Win32.Build.0 = Release|Win32
		{3AF383AB-F184-4190-84DF-453ACE4CA89D}.Release|x64.ActiveCfg = Release|x64
		{3AF383AB-F184-4190-84DF-453ACE4CA89D}.Release|x64.Build.0 = Release|x64
		{3AF383AB-F184-4190-84DF-453ACE4CA89D}.VSDebug|Win32.ActiveCfg = VSDebug|Win32
		{3AF383AB-F184-4190-84DF-453ACE4CA89D}.VSDebug|Win32.Build.0 = VSDebug|Win32
		{3AF383AB-F184-4190-84DF-453ACE4CA89D}.VSDebug|x64.ActiveCfg = VSDebug|x64
		{3AF383AB-F184-4190-84DF-453ACE4CA89D}.VSDebug|x64.Build.0 = VSDebug|x64
		{1D7A10ED-2939-4C11-BAA0-D37C2A8CD6F7}.Release|Win32.ActiveCfg = Release|Win32
		{1D7A10ED-2939-4C11-BAA0-D37C2A8CD6F7}.Release|Win32.Build.0 = Release|Win32
		{1D7A10ED-2939-4C11-BAA0-D37C2A8CD6F7}.Release|x64.ActiveCfg = Release|x64
		{1D7A10ED-2939-4C11-BAA0-D37C2A8CD6F7}.Release|x64.Build.0 = Release|x64
		{1D7A10ED-2939-4C11-BAA0-D37C2A8CD6F7}.VSDebug|Win32.ActiveCfg = VSDebug|Win32
		{1D7A10ED-2939-4C11-BAA0-D37C2A8CD6F7}.VSDebug|Win32.Build.0 = VSDebug|Win32
		{1D7A10ED-2939-4C11-BAA0-D37C2A8CD6F7}.VSDebug|x64.ActiveCfg = VSDebug|x64
		{1D7A10ED-2939-4C11-BAA0-D37C2A8CD6F7}.VSDebug|x64.Build.0 = VSDebug|x64
		{48D8ABE8-71E3-4C29-A265-138C36783578}.Release|Win32.ActiveCfg = Release|Win32
		{48D8ABE8-71E3-4C29-A265-138C36783578}.Release|Win32.Build.0 = Release|Win32
		{48D8ABE8-71E3-4C29-A265-138C36783578}.Release|x64.ActiveCfg = Release|x64
		{48D8ABE8-71E3-4C29-A265-138C36783578}.Release|x64.Build.0 = Release|x64
		{48D8ABE8-71E3-4C29-A265-138C36783578}.VSDebug|Win32.ActiveCfg = VSDebug|Win32
		{48D8ABE8-71E3-4C29-A265-138C36783578}.VSDebug|Win32.Build.0 = VSDebug|Win32
		{48D8ABE8-71E3-4C29-A265-138C36783578}.VSDebug|x64.ActiveCfg = VSDebug|x64
		{48D8ABE8-71E3-4C29-A265-138C36783578}.VSDebug|x64.Build.0 = VSDebug|x64
		{4C0A33FC-0B42-4735-B5C9-EA49F17A9478}.Release|Win32.ActiveCfg = Release|Win32
		{4C0A33FC-0B42-4735-B5C9-EA49F17A9478}.Release|Win32.Build.0 = Release|Win32
		{4C0A33FC-0B42-4735-B5C9-EA49F17A9478}.Release|x64.ActiveCfg = Release|x64
		{4C0A33FC-0B42-4735-B5C9-EA49F17A9478}.Release|x64.Build.0 = Release|x64
		{4C0A33FC-0B42-4735-B5C9-EA49F17A9478}.VSDebug|Win32.ActiveCfg = VSDebug|Win32
		{4C0A33FC-0B42-4735-B5C9-EA49F17A9478}.VSDebug|Win32.Build.0 = VSDebug|Win32
		{4C0A33FC-0B42-4735-B5C9-EA49F17A9478}.VSDebug|x64.ActiveCfg = VSDebug|x64
		{4C0A33FC-0B42-4735-B5C9-EA49F17A9478}.VSDebug|x64.Build.0 = VSDebug|x64
		{0D975F50-1FE8-498E-B597-9960DFC995AC}.Release|Win32.ActiveCfg = Release|Win32
		{0D975F50-1FE8-498E-B597-9960DFC995AC}.Release|Win32.Build.0 = Release|Win32
		{0D975F50-1FE8-498E-B597-9960DFC995AC}.Release|x64.ActiveCfg = Release|x64
		{0D975F50-1FE8-498E-B597-9960DFC995AC}.Release|x64.Build.0 = Release|x64
		{0D975F50-1FE8-498E-B597-9960DFC995AC}.VSDebug|Win32.ActiveCfg = VSDebug|Win32
		{0D975F50-1FE8-498E-B597-9960DFC995AC}.VSDebug|Win32.Build.0 = VSDebug|Win32
		{0D975F50-1FE8-498E-B597-9960DFC995AC}.VSDebug|x64.ActiveCfg = VSDebug|x64
		{0D975F50-1FE8-498E-B597-9960DFC995AC}.VSDebug|x64.Build.0 = VSDebug|x64
		{6FB36D12-30F9-49F5-B4B6-2E58C4390438}.Release|Win32.ActiveCfg = Release|Win32
		{6FB36D12-30F9-49F5-B4B6-2E58C4390438}.Release|Win32.Build.0 = Release|Win32
		{6FB36D12-30F9-49F5-B4B6-2E58C4390438}.Release|x64.ActiveCfg = Release|x64
		{6FB36D12-30F9-49F5-B4B6-2E58C4390438}.Release|x64.Build.0 = Release|x64
		{6FB36D12-30F9-49F5-B4B6-2E58C4390438}.VSDebug|Win32.ActiveCfg = VSDebug|Win32
		{6FB36D12-30F9-49F5-B4B6-2E58C4390438}.VSDebug|Win32.Build.0 = VSDebug|Win32
		{6FB36D12-30F9-49F5-B4B6-2E58C4390438}.VSDebug|x64.ActiveCfg = VSDebug|x64
		{6FB36D12-30F9-49F5-B4B6-2E58C4390438}.VSDebug|x64.Build.0 = VSDebug|x64
		{7F42F80A-6FE8-4634-8455-5D08A1E24BAA}.Release|Win32.ActiveCfg = Release|Win32
		{7F42F80A-6FE8-4634-8455-5D08A1E24BAA}.Release|Win32.Build.0 = Release|Win32
		{7F42F80A-6FE8-4634-8455-5D08A1E24BAA}.Release|x64.ActiveCfg = Release|x64
		{7F42F80A-6FE8-4634-8455-5D08A1E24BAA}.Release|x64.Build.0 = Release|x64
		{7F42F80A-6FE8-4634-8455-5D08A1E24BAA}.VSDebug|Win32.ActiveCfg = VSDebug|Win32
		{7F42F80A-6FE8-4634-8455-5D08A1E24BAA}.VSDebug|Win32.Build.0 = VSDebug|Win32
		{7F42F80A-6FE8-4634-8455-5D08A1E24BAA}.VSDebug|x64.ActiveCfg = VSDebug|x64
		{7F42F80A-6FE8-4634-8455-5D08A1E24BAA}.VSDebug|x64.Build.0 = VSDebug|x64
		{40BA88AF-9923-4FC6-8466-CB5833843AC4}.Release|Win32.ActiveCfg = Release|Win32
		{40BA88AF-9923-4FC6-8466-CB5833843AC4}.Release|Win32.Build.0 = Release|Win32
		{40BA88AF-9923-4FC6-8466-CB5833843AC4}.Release|x64.ActiveCfg = Release|x64
		{40BA88AF-9923-4FC6-8466-CB5833843AC4}.Release|x64.Build.0 = Release|x64
		{40BA88AF-9923-4FC6-8466-CB5833843AC4}.VSDebug|Win32.ActiveCfg = VSDebug|Win32
		{40BA88AF-9923-4FC6-8466-CB5833843AC4}.VSDebug|Win32.Build.0 = VSDebug|Win32
		{40BA88AF-9923-4FC6-8466-CB5833843AC4}.VSDebug|x64.ActiveCfg = VSDebug|x64
		{40BA88AF-9923-4FC6-8466-CB5833843AC4}.VSDebug|x64.Build.0 = VSDebug|x64
		{35A5D4B4-775C-40E3-B364-19562437CD80}.Release|Win32.ActiveCfg = Release|Win32
		{35A5D4B4-775C-40E3-B364-19562437CD80}.Release|Win32.Build.0 = Release|Win32
		{35A5D4B4-775C-40E3-B364-19562437CD80}.Release|x64.ActiveCfg = Release|x64
		{35A5D4B4-775C-40E3-B364-19562437CD80}.Release|x64.Build.0 = Release|x64
		{35A5D4B4-775C-40E3-B364-19562437CD80}.VSDebug|Win32.ActiveCfg = VSDebug|Win32
		{35A5D4B4-775C-40E3-B364-19562437CD80}.VSDebug|Win32.Build.0 = VSDebug|Win32
		{35A5D4B4-775C-40E3-B364-19562437CD80}.VSDebug|x64.ActiveCfg = VSDebug|x64
		{35A5D4B4-775C-40E3-B364-19562437CD80}.VSDebug|x64.Build.0 = VSDebug|x64
		{5299814A-9BDD-4F91-ADF9-723068B3B642}.Release|Win32.ActiveCfg = Release|Win32
		{5299814A-9BDD-4F91-ADF9-723068B3B642}.Release|Win32.Build.0 = Release|Win32
		{5299814A-9BDD-4F91-ADF9-723068B3B642}.Release|x64.ActiveCfg = Release|x64
		{5299814A-9BDD-4F91-ADF9-723068B3B642}.Release|x64.Build.0 = Release|x64
		{5299814A-9BDD-4F91-ADF9-723068B3B642}.VSDebug|Win32.ActiveCfg = VSDebug|Win32
		{5299814A-9BDD-4F91-ADF9-723068B3B642}.VSDebug|Win32.Build.0 = VSDebug|Win32
		{5299814A-9BDD-4F91-ADF9-723068B3B642}.VSDebug|x64.ActiveCfg = VSDebug|x64
		{5299814A-9BDD-4F91-ADF9-723068B3B642}.VSDebug|x64.Build.0 = VSDebug|x64
		{E31E45A2-E02E-49E7-843B-F390127F1184}.Release|Win32.ActiveCfg = Release|Win32
		{E31E45A2-E02E-49E7-843B-F390127F1184}.Release|Win32.Build.0 = Release|Win32
		{E31E45A2-E02E-49E7-843B-F390127F1184}.Release|x64.ActiveCfg = Release|x64
		{E31E45A2-E02E-49E7-843B-F390127F1184}.Release|x64.Build.0 = Release|x64
		{E31E45A2-E02E-49E7-843B-F390127F1184}.VSDebug|Win32.ActiveCfg = VSDebug|Win32
		{E31E45A2-E02E-49E7-843B-F390127F1184}.VSDebug|Win32.Build.0 = VSDebug|Win32
		{E31E45A2-E02E-49E7-843B-F390127F1184}.VSDebug|x64.ActiveCfg = VSDebug|x64
		{E31E45A2-E02E-49E7-843B-F390127F1184}.VSDebug|x64.Build.0 = VSDebug|x64
		{62C67404-7985-4120-85BA-3C0424784434}.Release|Win32.ActiveCfg = Release|Win32
		{62C67404-7985-4120-85BA-3C0424784434}.Release|Win32.Build.0 = Release|Win32
		{62C67404-7985-4120-85BA-3C0424784434}.Release|x64.ActiveCfg = Release|x64
		{62C67404-7985-4120-85BA-3C0424784434}.Release|x64.Build.0 = Release|x64
		{62C67404-7985-4120-85BA-3C0424784434}.VSDebug|Win32.ActiveCfg = VSDebug|Win32
		{62C67404-7985-4120-85BA-3C0424784434}.VSDebug|Win32.Build.0 = VSDebug|Win32
		{62C67404-7985-4120-85BA-3C0424784434}.VSDebug|x64.ActiveCfg = VSDebug|x64
		{62C67404-7985-4120-85BA-3C0424784434}.VSDebug|x64.Build.0 = VSDebug|x64
		{AABC80BB-79B3-49BA-8A90-9AAC2A3B404F}.Release|Win32.ActiveCfg = Release|Win32
		{AABC80BB-79B3-49BA-8A90-9AAC2A3B404F}.Release|Win32.Build.0 = Release|Win32
		{AABC80BB-79B3-49BA-8A90-9AAC2A3B404F}.Release|x64.ActiveCfg = Release|x64
		{AABC80BB-79B3-49BA-8A90-9AAC2A3B404F}.Release|x64.Build.0 = Release|x64
		{AABC80BB-79B3-49BA-8A90-9AAC2A3B404F}.VSDebug|Win32.ActiveCfg = VSDebug|Win32
		{AABC80BB-79B3-49BA-8A90-9AAC2A3B404F}.VSDebug|Win32.Build.0 = VSDebug|Win32
		{AABC80BB-79B3-49BA-8A90-9AAC2A3B404F}.VSDebug|x64.ActiveCfg = VSDebug|x64
		{AABC80BB-79B3-49BA-8A90-9AAC2A3B404F}.VSDebug|x64.Build.0 = VSDebug|x64
		{55652C23-9FE0-4E5B-930C-C3675C980351}.Release|Win32.ActiveCfg = Release|Win32
		{55652C23-9FE0-4E5B-930C-C3675C980351}.Release|Win32.Build.0 = Release|Win32
		{55652C23-9FE0-4E5B-930C-C3675C980351}.Release|x64.ActiveCfg = Release|x64
		{55652C23-9FE0-4E5B-930C-C3675C980351}.Release|x64.Build.0 = Release|x64
		{55652C23-9FE0-4E5B-930C-C3675C980351}.VSDebug|Win32.ActiveCfg = VSDebug|Win32
		{55652C23-9FE0-4E5B-930C-C3675C980351}.VSDebug|Win32.Build.0 = VSDebug|Win32
		{55652C23-9FE0-4E5B-930C-C3675C980351}.VSDebug|x64.ActiveCfg = VSDebug|x64
		{55652C23-9FE0-4E5B-930C-C3675C980351}.VSDebug|x64.Build.0 = VSDebug|x64
		{A352758D-DD49-406B-81F3-FC8494D52B88}.Release|Win32.ActiveCfg = Release|Win32
		{A352758D-DD49-406B-81F3-FC8494D52B88}.Release|Win32.Build.0 = Release|Win32
		{A352758D-DD49-406B-81F3-FC8494D52B88}.Release|x64.ActiveCfg = Release|x64
		{A352758D-DD49-406B-81F3-FC8494D52B88}.Release|x64.Build.0 = Release|x64
		{A352758D-DD49-406B-81F3-FC8494D52B88}.VSDebug|Win32.ActiveCfg = VSDebug|Win32
		{A352758D-DD49-406B-81F3-FC8494D52B88}.VSDebug|Win32.Build.0 = VSDebug|Win32
		{A352758D-DD49-406B-81F3-FC8494D52B88}.VSDebug|x64.ActiveCfg = VSDebug|x64
		{A352758D-DD49-406B-81F3-FC8494D52B88}.VSDebug|x64.Build.0 = VSDebug|x64
	EndGlobalSection
	GlobalSection(SolutionProperties) = preSolution
		HideSolutionNode = FALSE
	EndGlobalSection
	GlobalSection(ExtensibilityGlobals) = postSolution
		SolutionGuid = {03B78A87-7F4A-4F52-8245-A3382436AAAD}
	EndGlobalSection
EndGlobal
